// !$*UTF8*$!
{
	archiveVersion = 1;
	classes = {
	};
	objectVersion = 46;
	objects = {

/* Begin PBXBuildFile section */
		DB12807F1AEFD10B00F49BCF /* indexTableViewCell.xib in Resources */ = {isa = PBXBuildFile; fileRef = DB12807D1AEFD10B00F49BCF /* indexTableViewCell.xib */; };
		DB9B4E461AF1A57200C3CC40 /* VolumeManager.m in Sources */ = {isa = PBXBuildFile; fileRef = DB9B4E451AF1A57200C3CC40 /* VolumeManager.m */; };
		DBC160C61B243FE3008CAD68 /* pattern.png in Resources */ = {isa = PBXBuildFile; fileRef = DBC160C51B243FE3008CAD68 /* pattern.png */; };
		DBD7B20E1AEFC2AA000494B7 /* ExrtaButton.m in Sources */ = {isa = PBXBuildFile; fileRef = DBD7B1FA1AEFC2AA000494B7 /* ExrtaButton.m */; };
		DBD7B20F1AEFC2AA000494B7 /* bookElement.m in Sources */ = {isa = PBXBuildFile; fileRef = DBD7B1FC1AEFC2AA000494B7 /* bookElement.m */; };
		DBD7B2101AEFC2AA000494B7 /* articleDownloadViewController.m in Sources */ = {isa = PBXBuildFile; fileRef = DBD7B1FE1AEFC2AA000494B7 /* articleDownloadViewController.m */; };
		DBD7B2111AEFC2AA000494B7 /* downloadpageTableViewCell.m in Sources */ = {isa = PBXBuildFile; fileRef = DBD7B2001AEFC2AA000494B7 /* downloadpageTableViewCell.m */; };
		DBD7B2121AEFC2AA000494B7 /* downloadpageTableViewCell.xib in Resources */ = {isa = PBXBuildFile; fileRef = DBD7B2011AEFC2AA000494B7 /* downloadpageTableViewCell.xib */; };
		DBD7B2131AEFC2AA000494B7 /* ShelfTVCCellCollectionViewCell.m in Sources */ = {isa = PBXBuildFile; fileRef = DBD7B2031AEFC2AA000494B7 /* ShelfTVCCellCollectionViewCell.m */; };
		DBD7B2141AEFC2AA000494B7 /* articleViewController.m in Sources */ = {isa = PBXBuildFile; fileRef = DBD7B2051AEFC2AA000494B7 /* articleViewController.m */; };
		DBD7B2151AEFC2AA000494B7 /* wenku8VC.m in Sources */ = {isa = PBXBuildFile; fileRef = DBD7B2071AEFC2AA000494B7 /* wenku8VC.m */; };
		DBD7B2161AEFC2AA000494B7 /* MoreVC.m in Sources */ = {isa = PBXBuildFile; fileRef = DBD7B2091AEFC2AA000494B7 /* MoreVC.m */; };
		DBD7B2171AEFC2AA000494B7 /* indexTableViewCell.m in Sources */ = {isa = PBXBuildFile; fileRef = DBD7B20B1AEFC2AA000494B7 /* indexTableViewCell.m */; };
		DBD7B2181AEFC2AA000494B7 /* SearchVC.m in Sources */ = {isa = PBXBuildFile; fileRef = DBD7B20D1AEFC2AA000494B7 /* SearchVC.m */; };
		DBD7B2211AEFC2CC000494B7 /* parserSearchView.m in Sources */ = {isa = PBXBuildFile; fileRef = DBD7B21A1AEFC2CC000494B7 /* parserSearchView.m */; };
		DBD7B2221AEFC2CC000494B7 /* parserIndex.m in Sources */ = {isa = PBXBuildFile; fileRef = DBD7B21C1AEFC2CC000494B7 /* parserIndex.m */; };
		DBD7B2231AEFC2CC000494B7 /* parserArticleinfo.m in Sources */ = {isa = PBXBuildFile; fileRef = DBD7B21E1AEFC2CC000494B7 /* parserArticleinfo.m */; };
		DBD7B2241AEFC2CC000494B7 /* parserDownloadpage.m in Sources */ = {isa = PBXBuildFile; fileRef = DBD7B2201AEFC2CC000494B7 /* parserDownloadpage.m */; };
		DBF74CED1B1DFD4600F0470B /* CAReaderVC.m in Sources */ = {isa = PBXBuildFile; fileRef = DBF74CEC1B1DFD4600F0470B /* CAReaderVC.m */; };
		DBF74CF01B1DFD6200F0470B /* CAReaderLayer.m in Sources */ = {isa = PBXBuildFile; fileRef = DBF74CEF1B1DFD6200F0470B /* CAReaderLayer.m */; };
		DBFFA0201AEFB85D00352410 /* main.m in Sources */ = {isa = PBXBuildFile; fileRef = DBFFA01F1AEFB85D00352410 /* main.m */; };
		DBFFA0231AEFB85D00352410 /* AppDelegate.m in Sources */ = {isa = PBXBuildFile; fileRef = DBFFA0221AEFB85D00352410 /* AppDelegate.m */; };
		DBFFA0291AEFB85D00352410 /* ShelfVC.m in Sources */ = {isa = PBXBuildFile; fileRef = DBFFA0281AEFB85D00352410 /* ShelfVC.m */; };
		DBFFA02C1AEFB85D00352410 /* Main.storyboard in Resources */ = {isa = PBXBuildFile; fileRef = DBFFA02A1AEFB85D00352410 /* Main.storyboard */; };
		DBFFA02E1AEFB85D00352410 /* Images.xcassets in Resources */ = {isa = PBXBuildFile; fileRef = DBFFA02D1AEFB85D00352410 /* Images.xcassets */; };
		DBFFA0311AEFB85D00352410 /* LaunchScreen.xib in Resources */ = {isa = PBXBuildFile; fileRef = DBFFA02F1AEFB85D00352410 /* LaunchScreen.xib */; };
		DBFFA03D1AEFB85D00352410 /* FinalReaderTests.m in Sources */ = {isa = PBXBuildFile; fileRef = DBFFA03C1AEFB85D00352410 /* FinalReaderTests.m */; };
		DBFFA04E1AEFBE1F00352410 /* LocalFileVC.m in Sources */ = {isa = PBXBuildFile; fileRef = DBFFA04D1AEFBE1F00352410 /* LocalFileVC.m */; };
/* End PBXBuildFile section */

/* Begin PBXContainerItemProxy section */
		DBFFA0371AEFB85D00352410 /* PBXContainerItemProxy */ = {
			isa = PBXContainerItemProxy;
			containerPortal = DBFFA0121AEFB85D00352410 /* Project object */;
			proxyType = 1;
			remoteGlobalIDString = DBFFA0191AEFB85D00352410;
			remoteInfo = FinalReader;
		};
/* End PBXContainerItemProxy section */

/* Begin PBXFileReference section */
		DB12807D1AEFD10B00F49BCF /* indexTableViewCell.xib */ = {isa = PBXFileReference; fileEncoding = 4; lastKnownFileType = file.xib; path = indexTableViewCell.xib; sourceTree = "<group>"; };
		DB9B4E441AF1A57200C3CC40 /* VolumeManager.h */ = {isa = PBXFileReference; fileEncoding = 4; lastKnownFileType = sourcecode.c.h; path = VolumeManager.h; sourceTree = "<group>"; };
		DB9B4E451AF1A57200C3CC40 /* VolumeManager.m */ = {isa = PBXFileReference; fileEncoding = 4; lastKnownFileType = sourcecode.c.objc; path = VolumeManager.m; sourceTree = "<group>"; };
		DBC160C51B243FE3008CAD68 /* pattern.png */ = {isa = PBXFileReference; lastKnownFileType = image.png; path = pattern.png; sourceTree = "<group>"; };
		DBD7B1F91AEFC2AA000494B7 /* ExrtaButton.h */ = {isa = PBXFileReference; fileEncoding = 4; lastKnownFileType = sourcecode.c.h; path = ExrtaButton.h; sourceTree = "<group>"; };
		DBD7B1FA1AEFC2AA000494B7 /* ExrtaButton.m */ = {isa = PBXFileReference; fileEncoding = 4; lastKnownFileType = sourcecode.c.objc; path = ExrtaButton.m; sourceTree = "<group>"; };
		DBD7B1FB1AEFC2AA000494B7 /* bookElement.h */ = {isa = PBXFileReference; fileEncoding = 4; lastKnownFileType = sourcecode.c.h; path = bookElement.h; sourceTree = "<group>"; };
		DBD7B1FC1AEFC2AA000494B7 /* bookElement.m */ = {isa = PBXFileReference; fileEncoding = 4; lastKnownFileType = sourcecode.c.objc; path = bookElement.m; sourceTree = "<group>"; };
		DBD7B1FD1AEFC2AA000494B7 /* articleDownloadViewController.h */ = {isa = PBXFileReference; fileEncoding = 4; lastKnownFileType = sourcecode.c.h; name = articleDownloadViewController.h; path = ../articleDownloadViewController.h; sourceTree = "<group>"; };
		DBD7B1FE1AEFC2AA000494B7 /* articleDownloadViewController.m */ = {isa = PBXFileReference; fileEncoding = 4; lastKnownFileType = sourcecode.c.objc; name = articleDownloadViewController.m; path = ../articleDownloadViewController.m; sourceTree = "<group>"; };
		DBD7B1FF1AEFC2AA000494B7 /* downloadpageTableViewCell.h */ = {isa = PBXFileReference; fileEncoding = 4; lastKnownFileType = sourcecode.c.h; path = downloadpageTableViewCell.h; sourceTree = "<group>"; };
		DBD7B2001AEFC2AA000494B7 /* downloadpageTableViewCell.m */ = {isa = PBXFileReference; fileEncoding = 4; lastKnownFileType = sourcecode.c.objc; path = downloadpageTableViewCell.m; sourceTree = "<group>"; };
		DBD7B2011AEFC2AA000494B7 /* downloadpageTableViewCell.xib */ = {isa = PBXFileReference; fileEncoding = 4; lastKnownFileType = file.xib; path = downloadpageTableViewCell.xib; sourceTree = "<group>"; };
		DBD7B2021AEFC2AA000494B7 /* ShelfTVCCellCollectionViewCell.h */ = {isa = PBXFileReference; fileEncoding = 4; lastKnownFileType = sourcecode.c.h; path = ShelfTVCCellCollectionViewCell.h; sourceTree = "<group>"; };
		DBD7B2031AEFC2AA000494B7 /* ShelfTVCCellCollectionViewCell.m */ = {isa = PBXFileReference; fileEncoding = 4; lastKnownFileType = sourcecode.c.objc; path = ShelfTVCCellCollectionViewCell.m; sourceTree = "<group>"; };
		DBD7B2041AEFC2AA000494B7 /* articleViewController.h */ = {isa = PBXFileReference; fileEncoding = 4; lastKnownFileType = sourcecode.c.h; name = articleViewController.h; path = ../articleViewController.h; sourceTree = "<group>"; };
		DBD7B2051AEFC2AA000494B7 /* articleViewController.m */ = {isa = PBXFileReference; fileEncoding = 4; lastKnownFileType = sourcecode.c.objc; name = articleViewController.m; path = ../articleViewController.m; sourceTree = "<group>"; };
		DBD7B2061AEFC2AA000494B7 /* wenku8VC.h */ = {isa = PBXFileReference; fileEncoding = 4; lastKnownFileType = sourcecode.c.h; name = wenku8VC.h; path = ../wenku8VC.h; sourceTree = "<group>"; };
		DBD7B2071AEFC2AA000494B7 /* wenku8VC.m */ = {isa = PBXFileReference; fileEncoding = 4; lastKnownFileType = sourcecode.c.objc; name = wenku8VC.m; path = ../wenku8VC.m; sourceTree = "<group>"; };
		DBD7B2081AEFC2AA000494B7 /* MoreVC.h */ = {isa = PBXFileReference; fileEncoding = 4; lastKnownFileType = sourcecode.c.h; name = MoreVC.h; path = ../MoreVC.h; sourceTree = "<group>"; };
		DBD7B2091AEFC2AA000494B7 /* MoreVC.m */ = {isa = PBXFileReference; fileEncoding = 4; lastKnownFileType = sourcecode.c.objc; name = MoreVC.m; path = ../MoreVC.m; sourceTree = "<group>"; };
		DBD7B20A1AEFC2AA000494B7 /* indexTableViewCell.h */ = {isa = PBXFileReference; fileEncoding = 4; lastKnownFileType = sourcecode.c.h; path = indexTableViewCell.h; sourceTree = "<group>"; };
		DBD7B20B1AEFC2AA000494B7 /* indexTableViewCell.m */ = {isa = PBXFileReference; fileEncoding = 4; lastKnownFileType = sourcecode.c.objc; path = indexTableViewCell.m; sourceTree = "<group>"; };
		DBD7B20C1AEFC2AA000494B7 /* SearchVC.h */ = {isa = PBXFileReference; fileEncoding = 4; lastKnownFileType = sourcecode.c.h; name = SearchVC.h; path = ../SearchVC.h; sourceTree = "<group>"; };
		DBD7B20D1AEFC2AA000494B7 /* SearchVC.m */ = {isa = PBXFileReference; fileEncoding = 4; lastKnownFileType = sourcecode.c.objc; name = SearchVC.m; path = ../SearchVC.m; sourceTree = "<group>"; };
		DBD7B2191AEFC2CC000494B7 /* parserSearchView.h */ = {isa = PBXFileReference; fileEncoding = 4; lastKnownFileType = sourcecode.c.h; path = parserSearchView.h; sourceTree = "<group>"; };
		DBD7B21A1AEFC2CC000494B7 /* parserSearchView.m */ = {isa = PBXFileReference; fileEncoding = 4; lastKnownFileType = sourcecode.c.objc; path = parserSearchView.m; sourceTree = "<group>"; };
		DBD7B21B1AEFC2CC000494B7 /* parserIndex.h */ = {isa = PBXFileReference; fileEncoding = 4; lastKnownFileType = sourcecode.c.h; path = parserIndex.h; sourceTree = "<group>"; };
		DBD7B21C1AEFC2CC000494B7 /* parserIndex.m */ = {isa = PBXFileReference; fileEncoding = 4; lastKnownFileType = sourcecode.c.objc; path = parserIndex.m; sourceTree = "<group>"; };
		DBD7B21D1AEFC2CC000494B7 /* parserArticleinfo.h */ = {isa = PBXFileReference; fileEncoding = 4; lastKnownFileType = sourcecode.c.h; path = parserArticleinfo.h; sourceTree = "<group>"; };
		DBD7B21E1AEFC2CC000494B7 /* parserArticleinfo.m */ = {isa = PBXFileReference; fileEncoding = 4; lastKnownFileType = sourcecode.c.objc; path = parserArticleinfo.m; sourceTree = "<group>"; };
		DBD7B21F1AEFC2CC000494B7 /* parserDownloadpage.h */ = {isa = PBXFileReference; fileEncoding = 4; lastKnownFileType = sourcecode.c.h; path = parserDownloadpage.h; sourceTree = "<group>"; };
		DBD7B2201AEFC2CC000494B7 /* parserDownloadpage.m */ = {isa = PBXFileReference; fileEncoding = 4; lastKnownFileType = sourcecode.c.objc; path = parserDownloadpage.m; sourceTree = "<group>"; };
		DBF74CEB1B1DFD4600F0470B /* CAReaderVC.h */ = {isa = PBXFileReference; fileEncoding = 4; lastKnownFileType = sourcecode.c.h; path = CAReaderVC.h; sourceTree = "<group>"; };
		DBF74CEC1B1DFD4600F0470B /* CAReaderVC.m */ = {isa = PBXFileReference; fileEncoding = 4; lastKnownFileType = sourcecode.c.objc; path = CAReaderVC.m; sourceTree = "<group>"; };
		DBF74CEE1B1DFD6200F0470B /* CAReaderLayer.h */ = {isa = PBXFileReference; fileEncoding = 4; lastKnownFileType = sourcecode.c.h; path = CAReaderLayer.h; sourceTree = "<group>"; };
		DBF74CEF1B1DFD6200F0470B /* CAReaderLayer.m */ = {isa = PBXFileReference; fileEncoding = 4; lastKnownFileType = sourcecode.c.objc; path = CAReaderLayer.m; sourceTree = "<group>"; };
		DBFFA01A1AEFB85D00352410 /* FinalReader.app */ = {isa = PBXFileReference; explicitFileType = wrapper.application; includeInIndex = 0; path = FinalReader.app; sourceTree = BUILT_PRODUCTS_DIR; };
		DBFFA01E1AEFB85D00352410 /* Info.plist */ = {isa = PBXFileReference; lastKnownFileType = text.plist.xml; path = Info.plist; sourceTree = "<group>"; };
		DBFFA01F1AEFB85D00352410 /* main.m */ = {isa = PBXFileReference; lastKnownFileType = sourcecode.c.objc; path = main.m; sourceTree = "<group>"; };
		DBFFA0211AEFB85D00352410 /* AppDelegate.h */ = {isa = PBXFileReference; lastKnownFileType = sourcecode.c.h; path = AppDelegate.h; sourceTree = "<group>"; };
		DBFFA0221AEFB85D00352410 /* AppDelegate.m */ = {isa = PBXFileReference; lastKnownFileType = sourcecode.c.objc; path = AppDelegate.m; sourceTree = "<group>"; };
		DBFFA0271AEFB85D00352410 /* ShelfVC.h */ = {isa = PBXFileReference; lastKnownFileType = sourcecode.c.h; path = ShelfVC.h; sourceTree = "<group>"; };
		DBFFA0281AEFB85D00352410 /* ShelfVC.m */ = {isa = PBXFileReference; lastKnownFileType = sourcecode.c.objc; path = ShelfVC.m; sourceTree = "<group>"; };
		DBFFA02B1AEFB85D00352410 /* Base */ = {isa = PBXFileReference; lastKnownFileType = file.storyboard; name = Base; path = Base.lproj/Main.storyboard; sourceTree = "<group>"; };
		DBFFA02D1AEFB85D00352410 /* Images.xcassets */ = {isa = PBXFileReference; lastKnownFileType = folder.assetcatalog; path = Images.xcassets; sourceTree = "<group>"; };
		DBFFA0301AEFB85D00352410 /* Base */ = {isa = PBXFileReference; lastKnownFileType = file.xib; name = Base; path = Base.lproj/LaunchScreen.xib; sourceTree = "<group>"; };
		DBFFA0361AEFB85D00352410 /* FinalReaderTests.xctest */ = {isa = PBXFileReference; explicitFileType = wrapper.cfbundle; includeInIndex = 0; path = FinalReaderTests.xctest; sourceTree = BUILT_PRODUCTS_DIR; };
		DBFFA03B1AEFB85D00352410 /* Info.plist */ = {isa = PBXFileReference; lastKnownFileType = text.plist.xml; path = Info.plist; sourceTree = "<group>"; };
		DBFFA03C1AEFB85D00352410 /* FinalReaderTests.m */ = {isa = PBXFileReference; lastKnownFileType = sourcecode.c.objc; path = FinalReaderTests.m; sourceTree = "<group>"; };
		DBFFA04C1AEFBE1F00352410 /* LocalFileVC.h */ = {isa = PBXFileReference; fileEncoding = 4; lastKnownFileType = sourcecode.c.h; name = LocalFileVC.h; path = ../LocalFileVC.h; sourceTree = "<group>"; };
		DBFFA04D1AEFBE1F00352410 /* LocalFileVC.m */ = {isa = PBXFileReference; fileEncoding = 4; lastKnownFileType = sourcecode.c.objc; name = LocalFileVC.m; path = ../LocalFileVC.m; sourceTree = "<group>"; };
/* End PBXFileReference section */

/* Begin PBXFrameworksBuildPhase section */
		DBFFA0171AEFB85D00352410 /* Frameworks */ = {
			isa = PBXFrameworksBuildPhase;
			buildActionMask = 2147483647;
			files = (
			);
			runOnlyForDeploymentPostprocessing = 0;
		};
		DBFFA0331AEFB85D00352410 /* Frameworks */ = {
			isa = PBXFrameworksBuildPhase;
			buildActionMask = 2147483647;
			files = (
			);
			runOnlyForDeploymentPostprocessing = 0;
		};
/* End PBXFrameworksBuildPhase section */

/* Begin PBXGroup section */
		DBD7B2251AEFC2E6000494B7 /* parser */ = {
			isa = PBXGroup;
			children = (
				DBD7B2191AEFC2CC000494B7 /* parserSearchView.h */,
				DBD7B21A1AEFC2CC000494B7 /* parserSearchView.m */,
				DBD7B21B1AEFC2CC000494B7 /* parserIndex.h */,
				DBD7B21C1AEFC2CC000494B7 /* parserIndex.m */,
				DBD7B21D1AEFC2CC000494B7 /* parserArticleinfo.h */,
				DBD7B21E1AEFC2CC000494B7 /* parserArticleinfo.m */,
				DBD7B21F1AEFC2CC000494B7 /* parserDownloadpage.h */,
				DBD7B2201AEFC2CC000494B7 /* parserDownloadpage.m */,
			);
			name = parser;
			sourceTree = "<group>";
		};
		DBFFA0111AEFB85D00352410 = {
			isa = PBXGroup;
			children = (
				DBF74CEE1B1DFD6200F0470B /* CAReaderLayer.h */,
				DBF74CEF1B1DFD6200F0470B /* CAReaderLayer.m */,
				DBF74CEB1B1DFD4600F0470B /* CAReaderVC.h */,
				DBF74CEC1B1DFD4600F0470B /* CAReaderVC.m */,
				DB9B4E441AF1A57200C3CC40 /* VolumeManager.h */,
				DB9B4E451AF1A57200C3CC40 /* VolumeManager.m */,
				DBD7B2251AEFC2E6000494B7 /* parser */,
				DBD7B1F91AEFC2AA000494B7 /* ExrtaButton.h */,
				DBD7B1FA1AEFC2AA000494B7 /* ExrtaButton.m */,
				DBD7B1FB1AEFC2AA000494B7 /* bookElement.h */,
				DBD7B1FC1AEFC2AA000494B7 /* bookElement.m */,
				DBD7B1FF1AEFC2AA000494B7 /* downloadpageTableViewCell.h */,
				DBD7B2001AEFC2AA000494B7 /* downloadpageTableViewCell.m */,
				DBD7B2011AEFC2AA000494B7 /* downloadpageTableViewCell.xib */,
				DBD7B2021AEFC2AA000494B7 /* ShelfTVCCellCollectionViewCell.h */,
				DBD7B2031AEFC2AA000494B7 /* ShelfTVCCellCollectionViewCell.m */,
				DB12807D1AEFD10B00F49BCF /* indexTableViewCell.xib */,
				DBD7B20A1AEFC2AA000494B7 /* indexTableViewCell.h */,
				DBD7B20B1AEFC2AA000494B7 /* indexTableViewCell.m */,
				DBFFA01C1AEFB85D00352410 /* FinalReader */,
				DBFFA0391AEFB85D00352410 /* FinalReaderTests */,
				DBFFA01B1AEFB85D00352410 /* Products */,
			);
			sourceTree = "<group>";
		};
		DBFFA01B1AEFB85D00352410 /* Products */ = {
			isa = PBXGroup;
			children = (
				DBFFA01A1AEFB85D00352410 /* FinalReader.app */,
				DBFFA0361AEFB85D00352410 /* FinalReaderTests.xctest */,
			);
			name = Products;
			sourceTree = "<group>";
		};
		DBFFA01C1AEFB85D00352410 /* FinalReader */ = {
			isa = PBXGroup;
			children = (
				DBFFA0211AEFB85D00352410 /* AppDelegate.h */,
				DBFFA0221AEFB85D00352410 /* AppDelegate.m */,
				DBFFA0271AEFB85D00352410 /* ShelfVC.h */,
				DBFFA0281AEFB85D00352410 /* ShelfVC.m */,
				DBFFA04C1AEFBE1F00352410 /* LocalFileVC.h */,
				DBFFA04D1AEFBE1F00352410 /* LocalFileVC.m */,
				DBD7B2061AEFC2AA000494B7 /* wenku8VC.h */,
				DBD7B2071AEFC2AA000494B7 /* wenku8VC.m */,
				DBD7B20C1AEFC2AA000494B7 /* SearchVC.h */,
				DBD7B20D1AEFC2AA000494B7 /* SearchVC.m */,
				DBD7B2081AEFC2AA000494B7 /* MoreVC.h */,
				DBD7B2091AEFC2AA000494B7 /* MoreVC.m */,
				DBD7B2041AEFC2AA000494B7 /* articleViewController.h */,
				DBD7B2051AEFC2AA000494B7 /* articleViewController.m */,
				DBD7B1FD1AEFC2AA000494B7 /* articleDownloadViewController.h */,
				DBD7B1FE1AEFC2AA000494B7 /* articleDownloadViewController.m */,
				DBFFA02A1AEFB85D00352410 /* Main.storyboard */,
				DBFFA02D1AEFB85D00352410 /* Images.xcassets */,
				DBFFA02F1AEFB85D00352410 /* LaunchScreen.xib */,
				DBFFA01D1AEFB85D00352410 /* Supporting Files */,
			);
			path = FinalReader;
			sourceTree = "<group>";
		};
		DBFFA01D1AEFB85D00352410 /* Supporting Files */ = {
			isa = PBXGroup;
			children = (
				DBC160C51B243FE3008CAD68 /* pattern.png */,
				DBFFA01E1AEFB85D00352410 /* Info.plist */,
				DBFFA01F1AEFB85D00352410 /* main.m */,
			);
			name = "Supporting Files";
			sourceTree = "<group>";
		};
		DBFFA0391AEFB85D00352410 /* FinalReaderTests */ = {
			isa = PBXGroup;
			children = (
				DBFFA03C1AEFB85D00352410 /* FinalReaderTests.m */,
				DBFFA03A1AEFB85D00352410 /* Supporting Files */,
			);
			path = FinalReaderTests;
			sourceTree = "<group>";
		};
		DBFFA03A1AEFB85D00352410 /* Supporting Files */ = {
			isa = PBXGroup;
			children = (
				DBFFA03B1AEFB85D00352410 /* Info.plist */,
			);
			name = "Supporting Files";
			sourceTree = "<group>";
		};
/* End PBXGroup section */

/* Begin PBXNativeTarget section */
		DBFFA0191AEFB85D00352410 /* FinalReader */ = {
			isa = PBXNativeTarget;
			buildConfigurationList = DBFFA0401AEFB85D00352410 /* Build configuration list for PBXNativeTarget "FinalReader" */;
			buildPhases = (
				DBFFA0161AEFB85D00352410 /* Sources */,
				DBFFA0171AEFB85D00352410 /* Frameworks */,
				DBFFA0181AEFB85D00352410 /* Resources */,
			);
			buildRules = (
			);
			dependencies = (
			);
			name = FinalReader;
			productName = FinalReader;
			productReference = DBFFA01A1AEFB85D00352410 /* FinalReader.app */;
			productType = "com.apple.product-type.application";
		};
		DBFFA0351AEFB85D00352410 /* FinalReaderTests */ = {
			isa = PBXNativeTarget;
			buildConfigurationList = DBFFA0431AEFB85D00352410 /* Build configuration list for PBXNativeTarget "FinalReaderTests" */;
			buildPhases = (
				DBFFA0321AEFB85D00352410 /* Sources */,
				DBFFA0331AEFB85D00352410 /* Frameworks */,
				DBFFA0341AEFB85D00352410 /* Resources */,
			);
			buildRules = (
			);
			dependencies = (
				DBFFA0381AEFB85D00352410 /* PBXTargetDependency */,
			);
			name = FinalReaderTests;
			productName = FinalReaderTests;
			productReference = DBFFA0361AEFB85D00352410 /* FinalReaderTests.xctest */;
			productType = "com.apple.product-type.bundle.unit-test";
		};
/* End PBXNativeTarget section */

/* Begin PBXProject section */
		DBFFA0121AEFB85D00352410 /* Project object */ = {
			isa = PBXProject;
			attributes = {
				LastUpgradeCheck = 0630;
				ORGANIZATIONNAME = wbuntu;
				TargetAttributes = {
					DBFFA0191AEFB85D00352410 = {
						CreatedOnToolsVersion = 6.3;
					};
					DBFFA0351AEFB85D00352410 = {
						CreatedOnToolsVersion = 6.3;
						TestTargetID = DBFFA0191AEFB85D00352410;
					};
				};
			};
			buildConfigurationList = DBFFA0151AEFB85D00352410 /* Build configuration list for PBXProject "FinalReader" */;
			compatibilityVersion = "Xcode 3.2";
			developmentRegion = English;
			hasScannedForEncodings = 0;
			knownRegions = (
				en,
				Base,
			);
			mainGroup = DBFFA0111AEFB85D00352410;
			productRefGroup = DBFFA01B1AEFB85D00352410 /* Products */;
			projectDirPath = "";
			projectRoot = "";
			targets = (
				DBFFA0191AEFB85D00352410 /* FinalReader */,
				DBFFA0351AEFB85D00352410 /* FinalReaderTests */,
			);
		};
/* End PBXProject section */

/* Begin PBXResourcesBuildPhase section */
		DBFFA0181AEFB85D00352410 /* Resources */ = {
			isa = PBXResourcesBuildPhase;
			buildActionMask = 2147483647;
			files = (
				DBFFA02C1AEFB85D00352410 /* Main.storyboard in Resources */,
				DB12807F1AEFD10B00F49BCF /* indexTableViewCell.xib in Resources */,
				DBC160C61B243FE3008CAD68 /* pattern.png in Resources */,
				DBFFA0311AEFB85D00352410 /* LaunchScreen.xib in Resources */,
				DBD7B2121AEFC2AA000494B7 /* downloadpageTableViewCell.xib in Resources */,
				DBFFA02E1AEFB85D00352410 /* Images.xcassets in Resources */,
			);
			runOnlyForDeploymentPostprocessing = 0;
		};
		DBFFA0341AEFB85D00352410 /* Resources */ = {
			isa = PBXResourcesBuildPhase;
			buildActionMask = 2147483647;
			files = (
			);
			runOnlyForDeploymentPostprocessing = 0;
		};
/* End PBXResourcesBuildPhase section */

/* Begin PBXSourcesBuildPhase section */
		DBFFA0161AEFB85D00352410 /* Sources */ = {
			isa = PBXSourcesBuildPhase;
			buildActionMask = 2147483647;
			files = (
				DBD7B20E1AEFC2AA000494B7 /* ExrtaButton.m in Sources */,
				DBD7B2161AEFC2AA000494B7 /* MoreVC.m in Sources */,
				DBD7B2141AEFC2AA000494B7 /* articleViewController.m in Sources */,
				DBD7B2241AEFC2CC000494B7 /* parserDownloadpage.m in Sources */,
				DBD7B2101AEFC2AA000494B7 /* articleDownloadViewController.m in Sources */,
				DBD7B20F1AEFC2AA000494B7 /* bookElement.m in Sources */,
				DBFFA0231AEFB85D00352410 /* AppDelegate.m in Sources */,
				DBD7B2151AEFC2AA000494B7 /* wenku8VC.m in Sources */,
				DBD7B2181AEFC2AA000494B7 /* SearchVC.m in Sources */,
				DBD7B2171AEFC2AA000494B7 /* indexTableViewCell.m in Sources */,
				DBD7B2111AEFC2AA000494B7 /* downloadpageTableViewCell.m in Sources */,
				DBFFA04E1AEFBE1F00352410 /* LocalFileVC.m in Sources */,
				DBFFA0291AEFB85D00352410 /* ShelfVC.m in Sources */,
				DBD7B2231AEFC2CC000494B7 /* parserArticleinfo.m in Sources */,
				DBD7B2221AEFC2CC000494B7 /* parserIndex.m in Sources */,
				DBD7B2131AEFC2AA000494B7 /* ShelfTVCCellCollectionViewCell.m in Sources */,
				DB9B4E461AF1A57200C3CC40 /* VolumeManager.m in Sources */,
				DBFFA0201AEFB85D00352410 /* main.m in Sources */,
				DBF74CF01B1DFD6200F0470B /* CAReaderLayer.m in Sources */,
				DBD7B2211AEFC2CC000494B7 /* parserSearchView.m in Sources */,
				DBF74CED1B1DFD4600F0470B /* CAReaderVC.m in Sources */,
			);
			runOnlyForDeploymentPostprocessing = 0;
		};
		DBFFA0321AEFB85D00352410 /* Sources */ = {
			isa = PBXSourcesBuildPhase;
			buildActionMask = 2147483647;
			files = (
				DBFFA03D1AEFB85D00352410 /* FinalReaderTests.m in Sources */,
			);
			runOnlyForDeploymentPostprocessing = 0;
		};
/* End PBXSourcesBuildPhase section */

/* Begin PBXTargetDependency section */
		DBFFA0381AEFB85D00352410 /* PBXTargetDependency */ = {
			isa = PBXTargetDependency;
			target = DBFFA0191AEFB85D00352410 /* FinalReader */;
			targetProxy = DBFFA0371AEFB85D00352410 /* PBXContainerItemProxy */;
		};
/* End PBXTargetDependency section */

/* Begin PBXVariantGroup section */
		DBFFA02A1AEFB85D00352410 /* Main.storyboard */ = {
			isa = PBXVariantGroup;
			children = (
				DBFFA02B1AEFB85D00352410 /* Base */,
			);
			name = Main.storyboard;
			sourceTree = "<group>";
		};
		DBFFA02F1AEFB85D00352410 /* LaunchScreen.xib */ = {
			isa = PBXVariantGroup;
			children = (
				DBFFA0301AEFB85D00352410 /* Base */,
			);
			name = LaunchScreen.xib;
			sourceTree = "<group>";
		};
/* End PBXVariantGroup section */

/* Begin XCBuildConfiguration section */
		DBFFA03E1AEFB85D00352410 /* Debug */ = {
			isa = XCBuildConfiguration;
			buildSettings = {
				ALWAYS_SEARCH_USER_PATHS = NO;
				CLANG_CXX_LANGUAGE_STANDARD = "gnu++0x";
				CLANG_CXX_LIBRARY = "libc++";
				CLANG_ENABLE_MODULES = YES;
				CLANG_ENABLE_OBJC_ARC = YES;
				CLANG_WARN_BOOL_CONVERSION = YES;
				CLANG_WARN_CONSTANT_CONVERSION = YES;
				CLANG_WARN_DIRECT_OBJC_ISA_USAGE = YES_ERROR;
				CLANG_WARN_EMPTY_BODY = YES;
				CLANG_WARN_ENUM_CONVERSION = YES;
				CLANG_WARN_INT_CONVERSION = YES;
				CLANG_WARN_OBJC_ROOT_CLASS = YES_ERROR;
				CLANG_WARN_UNREACHABLE_CODE = YES;
				CLANG_WARN__DUPLICATE_METHOD_MATCH = YES;
				"CODE_SIGN_IDENTITY[sdk=iphoneos*]" = "iPhone Developer";
				COPY_PHASE_STRIP = NO;
				DEBUG_INFORMATION_FORMAT = "dwarf-with-dsym";
				ENABLE_STRICT_OBJC_MSGSEND = YES;
				GCC_C_LANGUAGE_STANDARD = gnu99;
				GCC_DYNAMIC_NO_PIC = NO;
				GCC_NO_COMMON_BLOCKS = YES;
				GCC_OPTIMIZATION_LEVEL = 0;
				GCC_PREPROCESSOR_DEFINITIONS = (
					"DEBUG=1",
					"$(inherited)",
				);
				GCC_SYMBOLS_PRIVATE_EXTERN = NO;
				GCC_WARN_64_TO_32_BIT_CONVERSION = YES;
				GCC_WARN_ABOUT_RETURN_TYPE = YES_ERROR;
				GCC_WARN_UNDECLARED_SELECTOR = YES;
				GCC_WARN_UNINITIALIZED_AUTOS = YES_AGGRESSIVE;
				GCC_WARN_UNUSED_FUNCTION = YES;
				GCC_WARN_UNUSED_VARIABLE = YES;
				IPHONEOS_DEPLOYMENT_TARGET = 8.3;
				MTL_ENABLE_DEBUG_INFO = YES;
				ONLY_ACTIVE_ARCH = YES;
				SDKROOT = iphoneos;
			};
			name = Debug;
		};
		DBFFA03F1AEFB85D00352410 /* Release */ = {
			isa = XCBuildConfiguration;
			buildSettings = {
				ALWAYS_SEARCH_USER_PATHS = NO;
				CLANG_CXX_LANGUAGE_STANDARD = "gnu++0x";
				CLANG_CXX_LIBRARY = "libc++";
				CLANG_ENABLE_MODULES = YES;
				CLANG_ENABLE_OBJC_ARC = YES;
				CLANG_WARN_BOOL_CONVERSION = YES;
				CLANG_WARN_CONSTANT_CONVERSION = YES;
				CLANG_WARN_DIRECT_OBJC_ISA_USAGE = YES_ERROR;
				CLANG_WARN_EMPTY_BODY = YES;
				CLANG_WARN_ENUM_CONVERSION = YES;
				CLANG_WARN_INT_CONVERSION = YES;
				CLANG_WARN_OBJC_ROOT_CLASS = YES_ERROR;
				CLANG_WARN_UNREACHABLE_CODE = YES;
				CLANG_WARN__DUPLICATE_METHOD_MATCH = YES;
				"CODE_SIGN_IDENTITY[sdk=iphoneos*]" = "iPhone Developer";
				COPY_PHASE_STRIP = NO;
				DEBUG_INFORMATION_FORMAT = "dwarf-with-dsym";
				ENABLE_NS_ASSERTIONS = NO;
				ENABLE_STRICT_OBJC_MSGSEND = YES;
				GCC_C_LANGUAGE_STANDARD = gnu99;
				GCC_NO_COMMON_BLOCKS = YES;
				GCC_WARN_64_TO_32_BIT_CONVERSION = YES;
				GCC_WARN_ABOUT_RETURN_TYPE = YES_ERROR;
				GCC_WARN_UNDECLARED_SELECTOR = YES;
				GCC_WARN_UNINITIALIZED_AUTOS = YES_AGGRESSIVE;
				GCC_WARN_UNUSED_FUNCTION = YES;
				GCC_WARN_UNUSED_VARIABLE = YES;
				IPHONEOS_DEPLOYMENT_TARGET = 8.3;
				MTL_ENABLE_DEBUG_INFO = NO;
				SDKROOT = iphoneos;
				VALIDATE_PRODUCT = YES;
			};
			name = Release;
		};
		DBFFA0411AEFB85D00352410 /* Debug */ = {
			isa = XCBuildConfiguration;
			buildSettings = {
				ASSETCATALOG_COMPILER_APPICON_NAME = AppIcon;
				INFOPLIST_FILE = FinalReader/Info.plist;
				LD_RUNPATH_SEARCH_PATHS = "$(inherited) @executable_path/Frameworks";
				PRODUCT_NAME = "$(TARGET_NAME)";
			};
			name = Debug;
		};
		DBFFA0421AEFB85D00352410 /* Release */ = {
			isa = XCBuildConfiguration;
			buildSettings = {
				ASSETCATALOG_COMPILER_APPICON_NAME = AppIcon;
				INFOPLIST_FILE = FinalReader/Info.plist;
				LD_RUNPATH_SEARCH_PATHS = "$(inherited) @executable_path/Frameworks";
				PRODUCT_NAME = "$(TARGET_NAME)";
			};
			name = Release;
		};
		DBFFA0441AEFB85D00352410 /* Debug */ = {
			isa = XCBuildConfiguration;
			buildSettings = {
				BUNDLE_LOADER = "$(TEST_HOST)";
				FRAMEWORK_SEARCH_PATHS = (
					"$(SDKROOT)/Developer/Library/Frameworks",
					"$(inherited)",
				);
				GCC_PREPROCESSOR_DEFINITIONS = (
					"DEBUG=1",
					"$(inherited)",
				);
				INFOPLIST_FILE = FinalReaderTests/Info.plist;
				LD_RUNPATH_SEARCH_PATHS = "$(inherited) @executable_path/Frameworks @loader_path/Frameworks";
				PRODUCT_NAME = "$(TARGET_NAME)";
				TEST_HOST = "$(BUILT_PRODUCTS_DIR)/FinalReader.app/FinalReader";
			};
			name = Debug;
		};
		DBFFA0451AEFB85D00352410 /* Release */ = {
			isa = XCBuildConfiguration;
			buildSettings = {
				BUNDLE_LOADER = "$(TEST_HOST)";
				FRAMEWORK_SEARCH_PATHS = (
					"$(SDKROOT)/Developer/Library/Frameworks",
					"$(inherited)",
				);
				INFOPLIST_FILE = FinalReaderTests/Info.plist;
				LD_RUNPATH_SEARCH_PATHS = "$(inherited) @executable_path/Frameworks @loader_path/Frameworks";
				PRODUCT_NAME = "$(TARGET_NAME)";
				TEST_HOST = "$(BUILT_PRODUCTS_DIR)/FinalReader.app/FinalReader";
			};
			name = Release;
		};
/* End XCBuildConfiguration section */

/* Begin XCConfigurationList section */
		DBFFA0151AEFB85D00352410 /* Build configuration list for PBXProject "FinalReader" */ = {
			isa = XCConfigurationList;
			buildConfigurations = (
				DBFFA03E1AEFB85D00352410 /* Debug */,
				DBFFA03F1AEFB85D00352410 /* Release */,
			);
			defaultConfigurationIsVisible = 0;
			defaultConfigurationName = Release;
		};
		DBFFA0401AEFB85D00352410 /* Build configuration list for PBXNativeTarget "FinalReader" */ = {
			isa = XCConfigurationList;
			buildConfigurations = (
				DBFFA0411AEFB85D00352410 /* Debug */,
				DBFFA0421AEFB85D00352410 /* Release */,
			);
			defaultConfigurationIsVisible = 0;
			defaultConfigurationName = Release;
		};
		DBFFA0431AEFB85D00352410 /* Build configuration list for PBXNativeTarget "FinalReaderTests" */ = {
			isa = XCConfigurationList;
			buildConfigurations = (
				DBFFA0441AEFB85D00352410 /* Debug */,
				DBFFA0451AEFB85D00352410 /* Release */,
			);
			defaultConfigurationIsVisible = 0;
			defaultConfigurationName = Release;
		};
/* End XCConfigurationList section */
	};
	rootObject = DBFFA0121AEFB85D00352410 /* Project object */;
}
